
Microsoft Visual Studio Solution File, Format Version 12.00
# Visual Studio Version 16
VisualStudioVersion = 16.0.29519.87
MinimumVisualStudioVersion = 10.0.40219.1
Project("{FAE04EC0-301F-11D3-BF4B-00C04F79EFBC}") = "PartnerManager", "PartnerManager\PartnerManager.csproj", "{19E3CA8F-BE62-4E3E-8231-F3848A2BA82F}"
EndProject
Global
	GlobalSection(SolutionConfigurationPlatforms) = preSolution
		Debug|Any CPU = Debug|Any CPU
		Release|Any CPU = Release|Any CPU
	EndGlobalSection
	GlobalSection(ProjectConfigurationPlatforms) = postSolution
		{19E3CA8F-BE62-4E3E-8231-F3848A2BA82F}.Debug|Any CPU.ActiveCfg = Debug|Any CPU
		{19E3CA8F-BE62-4E3E-8231-F3848A2BA82F}.Debug|Any CPU.Build.0 = Debug|Any CPU
		{19E3CA8F-BE62-4E3E-8231-F3848A2BA82F}.Release|Any CPU.ActiveCfg = Release|Any CPU
		{19E3CA8F-BE62-4E3E-8231-F3848A2BA82F}.Release|Any CPU.Build.0 = Release|Any CPU
	EndGlobalSection
	GlobalSection(SolutionProperties) = preSolution
		HideSolutionNode = FALSE
	EndGlobalSection
	GlobalSection(ExtensibilityGlobals) = postSolution
		SolutionGuid = {FE2FD68D-D4CB-4B1B-A306-AB7EDEAD5D10}
	EndGlobalSection
EndGlobal
